
Microsoft Visual Studio Solution File, Format Version 12.00
# Visual Studio Version 17
VisualStudioVersion = 17.0.31903.59
MinimumVisualStudioVersion = 10.0.40219.1
Project("{FAE04EC0-301F-11D3-BF4B-00C04F79EFBC}") = "Academia.WebApi", "Academia.WebApi\Academia.WebApi.csproj", "{A9E3C2D8-A631-4A5B-960A-4C98EF93F1B2}"
EndProject
Project("{FAE04EC0-301F-11D3-BF4B-00C04F79EFBC}") = "Academia.Models", "Academia.Models\Academia.Models.csproj", "{95A61CE0-A2BD-4445-8EEE-1DBF063EC8A0}"
EndProject
Project("{FAE04EC0-301F-11D3-BF4B-00C04F79EFBC}") = "Academia.Data", "Academia.Data\Academia.Data.csproj", "{A3E33E2C-AA27-4F0E-B8B7-843B5AE20990}"
EndProject
Project("{FAE04EC0-301F-11D3-BF4B-00C04F79EFBC}") = "Academia.Services", "Academia.Services\Academia.Services.csproj", "{E283C057-10E7-4630-A206-A0E245350410}"
EndProject
Project("{FAE04EC0-301F-11D3-BF4B-00C04F79EFBC}") = "Academia.ApiClient", "Academia.ApiClient\Academia.ApiClient.csproj", "{94E54DA5-240E-4E34-8435-B43500FE0D4B}"
EndProject
Project("{FAE04EC0-301F-11D3-BF4B-00C04F79EFBC}") = "Academia.Desktop", "Academia.Desktop\Academia.Desktop.csproj", "{EDE73A31-E5B4-4DB5-97CD-917F7D6F5D4D}"
EndProject
Project("{FAE04EC0-301F-11D3-BF4B-00C04F79EFBC}") = "Academia.Dtos", "Academia.Dtos\Academia.Dtos.csproj", "{4B9AC83F-8B9C-47F2-B69F-D7B44F8C3092}"
EndProject
Project("{FAE04EC0-301F-11D3-BF4B-00C04F79EFBC}") = "Academia.Validaciones", "Academia.Validaciones\Academia.Validaciones.csproj", "{D70E3A29-4B7A-423F-B748-E32531102D7B}"
EndProject
Project("{FAE04EC0-301F-11D3-BF4B-00C04F79EFBC}") = "Academia.Auth.WinForms", "Academia.Auth.WinForms\Academia.Auth.WinForms.csproj", "{174F74DA-5CD5-4483-91E8-0ED648093565}"
EndProject
Global
	GlobalSection(SolutionConfigurationPlatforms) = preSolution
		Debug|Any CPU = Debug|Any CPU
		Release|Any CPU = Release|Any CPU
	EndGlobalSection
	GlobalSection(ProjectConfigurationPlatforms) = postSolution
		{A9E3C2D8-A631-4A5B-960A-4C98EF93F1B2}.Debug|Any CPU.ActiveCfg = Debug|Any CPU
		{A9E3C2D8-A631-4A5B-960A-4C98EF93F1B2}.Debug|Any CPU.Build.0 = Debug|Any CPU
		{A9E3C2D8-A631-4A5B-960A-4C98EF93F1B2}.Release|Any CPU.ActiveCfg = Release|Any CPU
		{A9E3C2D8-A631-4A5B-960A-4C98EF93F1B2}.Release|Any CPU.Build.0 = Release|Any CPU
		{95A61CE0-A2BD-4445-8EEE-1DBF063EC8A0}.Debug|Any CPU.ActiveCfg = Debug|Any CPU
		{95A61CE0-A2BD-4445-8EEE-1DBF063EC8A0}.Debug|Any CPU.Build.0 = Debug|Any CPU
		{95A61CE0-A2BD-4445-8EEE-1DBF063EC8A0}.Release|Any CPU.ActiveCfg = Release|Any CPU
		{95A61CE0-A2BD-4445-8EEE-1DBF063EC8A0}.Release|Any CPU.Build.0 = Release|Any CPU
		{A3E33E2C-AA27-4F0E-B8B7-843B5AE20990}.Debug|Any CPU.ActiveCfg = Debug|Any CPU
		{A3E33E2C-AA27-4F0E-B8B7-843B5AE20990}.Debug|Any CPU.Build.0 = Debug|Any CPU
		{A3E33E2C-AA27-4F0E-B8B7-843B5AE20990}.Release|Any CPU.ActiveCfg = Release|Any CPU
		{A3E33E2C-AA27-4F0E-B8B7-843B5AE20990}.Release|Any CPU.Build.0 = Release|Any CPU
		{E283C057-10E7-4630-A206-A0E245350410}.Debug|Any CPU.ActiveCfg = Debug|Any CPU
		{E283C057-10E7-4630-A206-A0E245350410}.Debug|Any CPU.Build.0 = Debug|Any CPU
		{E283C057-10E7-4630-A206-A0E245350410}.Release|Any CPU.ActiveCfg = Release|Any CPU
		{E283C057-10E7-4630-A206-A0E245350410}.Release|Any CPU.Build.0 = Release|Any CPU
		{94E54DA5-240E-4E34-8435-B43500FE0D4B}.Debug|Any CPU.ActiveCfg = Debug|Any CPU
		{94E54DA5-240E-4E34-8435-B43500FE0D4B}.Debug|Any CPU.Build.0 = Debug|Any CPU
		{94E54DA5-240E-4E34-8435-B43500FE0D4B}.Release|Any CPU.ActiveCfg = Release|Any CPU
		{94E54DA5-240E-4E34-8435-B43500FE0D4B}.Release|Any CPU.Build.0 = Release|Any CPU
		{EDE73A31-E5B4-4DB5-97CD-917F7D6F5D4D}.Debug|Any CPU.ActiveCfg = Debug|Any CPU
		{EDE73A31-E5B4-4DB5-97CD-917F7D6F5D4D}.Debug|Any CPU.Build.0 = Debug|Any CPU
		{EDE73A31-E5B4-4DB5-97CD-917F7D6F5D4D}.Release|Any CPU.ActiveCfg = Release|Any CPU
		{EDE73A31-E5B4-4DB5-97CD-917F7D6F5D4D}.Release|Any CPU.Build.0 = Release|Any CPU
		{4B9AC83F-8B9C-47F2-B69F-D7B44F8C3092}.Debug|Any CPU.ActiveCfg = Debug|Any CPU
		{4B9AC83F-8B9C-47F2-B69F-D7B44F8C3092}.Debug|Any CPU.Build.0 = Debug|Any CPU
		{4B9AC83F-8B9C-47F2-B69F-D7B44F8C3092}.Release|Any CPU.ActiveCfg = Release|Any CPU
		{4B9AC83F-8B9C-47F2-B69F-D7B44F8C3092}.Release|Any CPU.Build.0 = Release|Any CPU
		{D70E3A29-4B7A-423F-B748-E32531102D7B}.Debug|Any CPU.ActiveCfg = Debug|Any CPU
		{D70E3A29-4B7A-423F-B748-E32531102D7B}.Debug|Any CPU.Build.0 = Debug|Any CPU
		{D70E3A29-4B7A-423F-B748-E32531102D7B}.Release|Any CPU.ActiveCfg = Release|Any CPU
		{D70E3A29-4B7A-423F-B748-E32531102D7B}.Release|Any CPU.Build.0 = Release|Any CPU
		{174F74DA-5CD5-4483-91E8-0ED648093565}.Debug|Any CPU.ActiveCfg = Debug|Any CPU
		{174F74DA-5CD5-4483-91E8-0ED648093565}.Debug|Any CPU.Build.0 = Debug|Any CPU
		{174F74DA-5CD5-4483-91E8-0ED648093565}.Release|Any CPU.ActiveCfg = Release|Any CPU
		{174F74DA-5CD5-4483-91E8-0ED648093565}.Release|Any CPU.Build.0 = Release|Any CPU
	EndGlobalSection
	GlobalSection(SolutionProperties) = preSolution
		HideSolutionNode = FALSE
	EndGlobalSection
	GlobalSection(ExtensibilityGlobals) = postSolution
		SolutionGuid = {3359DF89-82E7-4F93-A092-743919773E6B}
	EndGlobalSection
EndGlobal
