
Microsoft Visual Studio Solution File, Format Version 12.00
# Visual Studio Version 17
VisualStudioVersion = 17.0.31903.59
MinimumVisualStudioVersion = 10.0.40219.1
Project("{FAE04EC0-301F-11D3-BF4B-00C04F79EFBC}") = "Academia.WebApi", "Academia.WebApi\Academia.WebApi.csproj", "{A9E3C2D8-A631-4A5B-960A-4C98EF93F1B2}"
EndProject
Project("{FAE04EC0-301F-11D3-BF4B-00C04F79EFBC}") = "Academia.Models", "Academia.Models\Academia.Models.csproj", "{95A61CE0-A2BD-4445-8EEE-1DBF063EC8A0}"
EndProject
Project("{FAE04EC0-301F-11D3-BF4B-00C04F79EFBC}") = "Academia.Data", "Academia.Data\Academia.Data.csproj", "{A3E33E2C-AA27-4F0E-B8B7-843B5AE20990}"
EndProject
Project("{FAE04EC0-301F-11D3-BF4B-00C04F79EFBC}") = "Academia.Services", "Academia.Services\Academia.Services.csproj", "{E283C057-10E7-4630-A206-A0E245350410}"
EndProject
Global
	GlobalSection(SolutionConfigurationPlatforms) = preSolution
		Debug|Any CPU = Debug|Any CPU
		Release|Any CPU = Release|Any CPU
	EndGlobalSection
	GlobalSection(ProjectConfigurationPlatforms) = postSolution
		{A9E3C2D8-A631-4A5B-960A-4C98EF93F1B2}.Debug|Any CPU.ActiveCfg = Debug|Any CPU
		{A9E3C2D8-A631-4A5B-960A-4C98EF93F1B2}.Debug|Any CPU.Build.0 = Debug|Any CPU
		{A9E3C2D8-A631-4A5B-960A-4C98EF93F1B2}.Release|Any CPU.ActiveCfg = Release|Any CPU
		{A9E3C2D8-A631-4A5B-960A-4C98EF93F1B2}.Release|Any CPU.Build.0 = Release|Any CPU
		{95A61CE0-A2BD-4445-8EEE-1DBF063EC8A0}.Debug|Any CPU.ActiveCfg = Debug|Any CPU
		{95A61CE0-A2BD-4445-8EEE-1DBF063EC8A0}.Debug|Any CPU.Build.0 = Debug|Any CPU
		{95A61CE0-A2BD-4445-8EEE-1DBF063EC8A0}.Release|Any CPU.ActiveCfg = Release|Any CPU
		{95A61CE0-A2BD-4445-8EEE-1DBF063EC8A0}.Release|Any CPU.Build.0 = Release|Any CPU
		{A3E33E2C-AA27-4F0E-B8B7-843B5AE20990}.Debug|Any CPU.ActiveCfg = Debug|Any CPU
		{A3E33E2C-AA27-4F0E-B8B7-843B5AE20990}.Debug|Any CPU.Build.0 = Debug|Any CPU
		{A3E33E2C-AA27-4F0E-B8B7-843B5AE20990}.Release|Any CPU.ActiveCfg = Release|Any CPU
		{A3E33E2C-AA27-4F0E-B8B7-843B5AE20990}.Release|Any CPU.Build.0 = Release|Any CPU
		{E283C057-10E7-4630-A206-A0E245350410}.Debug|Any CPU.ActiveCfg = Debug|Any CPU
		{E283C057-10E7-4630-A206-A0E245350410}.Debug|Any CPU.Build.0 = Debug|Any CPU
		{E283C057-10E7-4630-A206-A0E245350410}.Release|Any CPU.ActiveCfg = Release|Any CPU
		{E283C057-10E7-4630-A206-A0E245350410}.Release|Any CPU.Build.0 = Release|Any CPU
	EndGlobalSection
	GlobalSection(SolutionProperties) = preSolution
		HideSolutionNode = FALSE
	EndGlobalSection
	GlobalSection(ExtensibilityGlobals) = postSolution
		SolutionGuid = {3359DF89-82E7-4F93-A092-743919773E6B}
	EndGlobalSection
EndGlobal
